// !$*UTF8*$!
{
	archiveVersion = 1;
	classes = {
	};
	objectVersion = 46;
	objects = {

/* Begin PBXBuildFile section */
		865E4C60181FD88300488B21 /* Foundation.framework in Frameworks */ = {isa = PBXBuildFile; fileRef = 865E4C5F181FD88300488B21 /* Foundation.framework */; };
		865E4C62181FD88300488B21 /* CoreGraphics.framework in Frameworks */ = {isa = PBXBuildFile; fileRef = 865E4C61181FD88300488B21 /* CoreGraphics.framework */; };
		865E4C64181FD88300488B21 /* UIKit.framework in Frameworks */ = {isa = PBXBuildFile; fileRef = 865E4C63181FD88300488B21 /* UIKit.framework */; };
		865E4C6A181FD88300488B21 /* InfoPlist.strings in Resources */ = {isa = PBXBuildFile; fileRef = 865E4C68181FD88300488B21 /* InfoPlist.strings */; };
		865E4C6C181FD88300488B21 /* main.m in Sources */ = {isa = PBXBuildFile; fileRef = 865E4C6B181FD88300488B21 /* main.m */; };
		865E4C70181FD88300488B21 /* AppDelegate.m in Sources */ = {isa = PBXBuildFile; fileRef = 865E4C6F181FD88300488B21 /* AppDelegate.m */; };
		865E4C73181FD88300488B21 /* Main.storyboard in Resources */ = {isa = PBXBuildFile; fileRef = 865E4C71181FD88300488B21 /* Main.storyboard */; };
		865E4C76181FD88300488B21 /* ViewController.m in Sources */ = {isa = PBXBuildFile; fileRef = 865E4C75181FD88300488B21 /* ViewController.m */; };
		865E4C78181FD88300488B21 /* Images.xcassets in Resources */ = {isa = PBXBuildFile; fileRef = 865E4C77181FD88300488B21 /* Images.xcassets */; };
		865E4C7F181FD88300488B21 /* XCTest.framework in Frameworks */ = {isa = PBXBuildFile; fileRef = 865E4C7E181FD88300488B21 /* XCTest.framework */; };
		865E4C80181FD88300488B21 /* Foundation.framework in Frameworks */ = {isa = PBXBuildFile; fileRef = 865E4C5F181FD88300488B21 /* Foundation.framework */; };
		865E4C81181FD88300488B21 /* UIKit.framework in Frameworks */ = {isa = PBXBuildFile; fileRef = 865E4C63181FD88300488B21 /* UIKit.framework */; };
		865E4C89181FD88300488B21 /* InfoPlist.strings in Resources */ = {isa = PBXBuildFile; fileRef = 865E4C87181FD88300488B21 /* InfoPlist.strings */; };
		865E4C8B181FD88300488B21 /* X_RayTests.m in Sources */ = {isa = PBXBuildFile; fileRef = 865E4C8A181FD88300488B21 /* X_RayTests.m */; };
/* End PBXBuildFile section */

/* Begin PBXContainerItemProxy section */
		865E4C82181FD88300488B21 /* PBXContainerItemProxy */ = {
			isa = PBXContainerItemProxy;
			containerPortal = 865E4C54181FD88300488B21 /* Project object */;
			proxyType = 1;
			remoteGlobalIDString = 865E4C5B181FD88300488B21;
			remoteInfo = "X-Ray";
		};
/* End PBXContainerItemProxy section */

/* Begin PBXFileReference section */
		865E4C5C181FD88300488B21 /* X-Ray.app */ = {isa = PBXFileReference; explicitFileType = wrapper.application; includeInIndex = 0; path = "X-Ray.app"; sourceTree = BUILT_PRODUCTS_DIR; };
		865E4C5F181FD88300488B21 /* Foundation.framework */ = {isa = PBXFileReference; lastKnownFileType = wrapper.framework; name = Foundation.framework; path = System/Library/Frameworks/Foundation.framework; sourceTree = SDKROOT; };
		865E4C61181FD88300488B21 /* CoreGraphics.framework */ = {isa = PBXFileReference; lastKnownFileType = wrapper.framework; name = CoreGraphics.framework; path = System/Library/Frameworks/CoreGraphics.framework; sourceTree = SDKROOT; };
		865E4C63181FD88300488B21 /* UIKit.framework */ = {isa = PBXFileReference; lastKnownFileType = wrapper.framework; name = UIKit.framework; path = System/Library/Frameworks/UIKit.framework; sourceTree = SDKROOT; };
		865E4C67181FD88300488B21 /* X-Ray-Info.plist */ = {isa = PBXFileReference; lastKnownFileType = text.plist.xml; path = "X-Ray-Info.plist"; sourceTree = "<group>"; };
		865E4C69181FD88300488B21 /* en */ = {isa = PBXFileReference; lastKnownFileType = text.plist.strings; name = en; path = en.lproj/InfoPlist.strings; sourceTree = "<group>"; };
		865E4C6B181FD88300488B21 /* main.m */ = {isa = PBXFileReference; lastKnownFileType = sourcecode.c.objc; path = main.m; sourceTree = "<group>"; };
		865E4C6D181FD88300488B21 /* X-Ray-Prefix.pch */ = {isa = PBXFileReference; lastKnownFileType = sourcecode.c.h; path = "X-Ray-Prefix.pch"; sourceTree = "<group>"; };
		865E4C6E181FD88300488B21 /* AppDelegate.h */ = {isa = PBXFileReference; lastKnownFileType = sourcecode.c.h; path = AppDelegate.h; sourceTree = "<group>"; };
		865E4C6F181FD88300488B21 /* AppDelegate.m */ = {isa = PBXFileReference; lastKnownFileType = sourcecode.c.objc; path = AppDelegate.m; sourceTree = "<group>"; };
		865E4C72181FD88300488B21 /* Base */ = {isa = PBXFileReference; lastKnownFileType = file.storyboard; name = Base; path = Base.lproj/Main.storyboard; sourceTree = "<group>"; };
		865E4C74181FD88300488B21 /* ViewController.h */ = {isa = PBXFileReference; lastKnownFileType = sourcecode.c.h; path = ViewController.h; sourceTree = "<group>"; };
		865E4C75181FD88300488B21 /* ViewController.m */ = {isa = PBXFileReference; lastKnownFileType = sourcecode.c.objc; path = ViewController.m; sourceTree = "<group>"; };
		865E4C77181FD88300488B21 /* Images.xcassets */ = {isa = PBXFileReference; lastKnownFileType = folder.assetcatalog; path = Images.xcassets; sourceTree = "<group>"; };
		865E4C7D181FD88300488B21 /* X-RayTests.xctest */ = {isa = PBXFileReference; explicitFileType = wrapper.cfbundle; includeInIndex = 0; path = "X-RayTests.xctest"; sourceTree = BUILT_PRODUCTS_DIR; };
		865E4C7E181FD88300488B21 /* XCTest.framework */ = {isa = PBXFileReference; lastKnownFileType = wrapper.framework; name = XCTest.framework; path = Library/Frameworks/XCTest.framework; sourceTree = DEVELOPER_DIR; };
		865E4C86181FD88300488B21 /* X-RayTests-Info.plist */ = {isa = PBXFileReference; lastKnownFileType = text.plist.xml; path = "X-RayTests-Info.plist"; sourceTree = "<group>"; };
		865E4C88181FD88300488B21 /* en */ = {isa = PBXFileReference; lastKnownFileType = text.plist.strings; name = en; path = en.lproj/InfoPlist.strings; sourceTree = "<group>"; };
		865E4C8A181FD88300488B21 /* X_RayTests.m */ = {isa = PBXFileReference; lastKnownFileType = sourcecode.c.objc; path = X_RayTests.m; sourceTree = "<group>"; };
/* End PBXFileReference section */

/* Begin PBXFrameworksBuildPhase section */
		865E4C59181FD88300488B21 /* Frameworks */ = {
			isa = PBXFrameworksBuildPhase;
			buildActionMask = 2147483647;
			files = (
				865E4C62181FD88300488B21 /* CoreGraphics.framework in Frameworks */,
				865E4C64181FD88300488B21 /* UIKit.framework in Frameworks */,
				865E4C60181FD88300488B21 /* Foundation.framework in Frameworks */,
			);
			runOnlyForDeploymentPostprocessing = 0;
		};
		865E4C7A181FD88300488B21 /* Frameworks */ = {
			isa = PBXFrameworksBuildPhase;
			buildActionMask = 2147483647;
			files = (
				865E4C7F181FD88300488B21 /* XCTest.framework in Frameworks */,
				865E4C81181FD88300488B21 /* UIKit.framework in Frameworks */,
				865E4C80181FD88300488B21 /* Foundation.framework in Frameworks */,
			);
			runOnlyForDeploymentPostprocessing = 0;
		};
/* End PBXFrameworksBuildPhase section */

/* Begin PBXGroup section */
		865E4C53181FD88300488B21 = {
			isa = PBXGroup;
			children = (
				865E4C65181FD88300488B21 /* X-Ray */,
				865E4C84181FD88300488B21 /* X-RayTests */,
				865E4C5E181FD88300488B21 /* Frameworks */,
				865E4C5D181FD88300488B21 /* Products */,
			);
			sourceTree = "<group>";
		};
		865E4C5D181FD88300488B21 /* Products */ = {
			isa = PBXGroup;
			children = (
				865E4C5C181FD88300488B21 /* X-Ray.app */,
				865E4C7D181FD88300488B21 /* X-RayTests.xctest */,
			);
			name = Products;
			sourceTree = "<group>";
		};
		865E4C5E181FD88300488B21 /* Frameworks */ = {
			isa = PBXGroup;
			children = (
				865E4C5F181FD88300488B21 /* Foundation.framework */,
				865E4C61181FD88300488B21 /* CoreGraphics.framework */,
				865E4C63181FD88300488B21 /* UIKit.framework */,
				865E4C7E181FD88300488B21 /* XCTest.framework */,
			);
			name = Frameworks;
			sourceTree = "<group>";
		};
		865E4C65181FD88300488B21 /* X-Ray */ = {
			isa = PBXGroup;
			children = (
				865E4C6E181FD88300488B21 /* AppDelegate.h */,
				865E4C6F181FD88300488B21 /* AppDelegate.m */,
				865E4C71181FD88300488B21 /* Main.storyboard */,
				865E4C74181FD88300488B21 /* ViewController.h */,
				865E4C75181FD88300488B21 /* ViewController.m */,
				865E4C77181FD88300488B21 /* Images.xcassets */,
				865E4C66181FD88300488B21 /* Supporting Files */,
			);
			path = "X-Ray";
			sourceTree = "<group>";
		};
		865E4C66181FD88300488B21 /* Supporting Files */ = {
			isa = PBXGroup;
			children = (
				865E4C67181FD88300488B21 /* X-Ray-Info.plist */,
				865E4C68181FD88300488B21 /* InfoPlist.strings */,
				865E4C6B181FD88300488B21 /* main.m */,
				865E4C6D181FD88300488B21 /* X-Ray-Prefix.pch */,
			);
			name = "Supporting Files";
			sourceTree = "<group>";
		};
		865E4C84181FD88300488B21 /* X-RayTests */ = {
			isa = PBXGroup;
			children = (
				865E4C8A181FD88300488B21 /* X_RayTests.m */,
				865E4C85181FD88300488B21 /* Supporting Files */,
			);
			path = "X-RayTests";
			sourceTree = "<group>";
		};
		865E4C85181FD88300488B21 /* Supporting Files */ = {
			isa = PBXGroup;
			children = (
				865E4C86181FD88300488B21 /* X-RayTests-Info.plist */,
				865E4C87181FD88300488B21 /* InfoPlist.strings */,
			);
			name = "Supporting Files";
			sourceTree = "<group>";
		};
/* End PBXGroup section */

/* Begin PBXNativeTarget section */
		865E4C5B181FD88300488B21 /* X-Ray */ = {
			isa = PBXNativeTarget;
			buildConfigurationList = 865E4C8E181FD88300488B21 /* Build configuration list for PBXNativeTarget "X-Ray" */;
			buildPhases = (
				865E4C58181FD88300488B21 /* Sources */,
				865E4C59181FD88300488B21 /* Frameworks */,
				865E4C5A181FD88300488B21 /* Resources */,
			);
			buildRules = (
			);
			dependencies = (
			);
			name = "X-Ray";
			productName = "X-Ray";
			productReference = 865E4C5C181FD88300488B21 /* X-Ray.app */;
			productType = "com.apple.product-type.application";
		};
		865E4C7C181FD88300488B21 /* X-RayTests */ = {
			isa = PBXNativeTarget;
			buildConfigurationList = 865E4C91181FD88300488B21 /* Build configuration list for PBXNativeTarget "X-RayTests" */;
			buildPhases = (
				865E4C79181FD88300488B21 /* Sources */,
				865E4C7A181FD88300488B21 /* Frameworks */,
				865E4C7B181FD88300488B21 /* Resources */,
			);
			buildRules = (
			);
			dependencies = (
				865E4C83181FD88300488B21 /* PBXTargetDependency */,
			);
			name = "X-RayTests";
			productName = "X-RayTests";
			productReference = 865E4C7D181FD88300488B21 /* X-RayTests.xctest */;
			productType = "com.apple.product-type.bundle.unit-test";
		};
/* End PBXNativeTarget section */

/* Begin PBXProject section */
		865E4C54181FD88300488B21 /* Project object */ = {
			isa = PBXProject;
			attributes = {
				LastUpgradeCheck = 0500;
				ORGANIZATIONNAME = Griffin;
				TargetAttributes = {
					865E4C7C181FD88300488B21 = {
						TestTargetID = 865E4C5B181FD88300488B21;
					};
				};
			};
			buildConfigurationList = 865E4C57181FD88300488B21 /* Build configuration list for PBXProject "X-Ray" */;
			compatibilityVersion = "Xcode 3.2";
			developmentRegion = English;
			hasScannedForEncodings = 0;
			knownRegions = (
				en,
				Base,
			);
			mainGroup = 865E4C53181FD88300488B21;
			productRefGroup = 865E4C5D181FD88300488B21 /* Products */;
			projectDirPath = "";
			projectRoot = "";
			targets = (
				865E4C5B181FD88300488B21 /* X-Ray */,
				865E4C7C181FD88300488B21 /* X-RayTests */,
			);
		};
/* End PBXProject section */

/* Begin PBXResourcesBuildPhase section */
		865E4C5A181FD88300488B21 /* Resources */ = {
			isa = PBXResourcesBuildPhase;
			buildActionMask = 2147483647;
			files = (
				865E4C78181FD88300488B21 /* Images.xcassets in Resources */,
				865E4C6A181FD88300488B21 /* InfoPlist.strings in Resources */,
				865E4C73181FD88300488B21 /* Main.storyboard in Resources */,
			);
			runOnlyForDeploymentPostprocessing = 0;
		};
		865E4C7B181FD88300488B21 /* Resources */ = {
			isa = PBXResourcesBuildPhase;
			buildActionMask = 2147483647;
			files = (
				865E4C89181FD88300488B21 /* InfoPlist.strings in Resources */,
			);
			runOnlyForDeploymentPostprocessing = 0;
		};
/* End PBXResourcesBuildPhase section */

/* Begin PBXSourcesBuildPhase section */
		865E4C58181FD88300488B21 /* Sources */ = {
			isa = PBXSourcesBuildPhase;
			buildActionMask = 2147483647;
			files = (
				865E4C76181FD88300488B21 /* ViewController.m in Sources */,
				865E4C70181FD88300488B21 /* AppDelegate.m in Sources */,
				865E4C6C181FD88300488B21 /* main.m in Sources */,
			);
			runOnlyForDeploymentPostprocessing = 0;
		};
		865E4C79181FD88300488B21 /* Sources */ = {
			isa = PBXSourcesBuildPhase;
			buildActionMask = 2147483647;
			files = (
				865E4C8B181FD88300488B21 /* X_RayTests.m in Sources */,
			);
			runOnlyForDeploymentPostprocessing = 0;
		};
/* End PBXSourcesBuildPhase section */

/* Begin PBXTargetDependency section */
		865E4C83181FD88300488B21 /* PBXTargetDependency */ = {
			isa = PBXTargetDependency;
			target = 865E4C5B181FD88300488B21 /* X-Ray */;
			targetProxy = 865E4C82181FD88300488B21 /* PBXContainerItemProxy */;
		};
/* End PBXTargetDependency section */

/* Begin PBXVariantGroup section */
		865E4C68181FD88300488B21 /* InfoPlist.strings */ = {
			isa = PBXVariantGroup;
			children = (
				865E4C69181FD88300488B21 /* en */,
			);
			name = InfoPlist.strings;
			sourceTree = "<group>";
		};
		865E4C71181FD88300488B21 /* Main.storyboard */ = {
			isa = PBXVariantGroup;
			children = (
				865E4C72181FD88300488B21 /* Base */,
			);
			name = Main.storyboard;
			sourceTree = "<group>";
		};
		865E4C87181FD88300488B21 /* InfoPlist.strings */ = {
			isa = PBXVariantGroup;
			children = (
				865E4C88181FD88300488B21 /* en */,
			);
			name = InfoPlist.strings;
			sourceTree = "<group>";
		};
/* End PBXVariantGroup section */

/* Begin XCBuildConfiguration section */
		865E4C8C181FD88300488B21 /* Debug */ = {
			isa = XCBuildConfiguration;
			buildSettings = {
				ALWAYS_SEARCH_USER_PATHS = NO;
				ARCHS = "$(ARCHS_STANDARD_INCLUDING_64_BIT)";
				CLANG_CXX_LANGUAGE_STANDARD = "gnu++0x";
				CLANG_CXX_LIBRARY = "libc++";
				CLANG_ENABLE_MODULES = YES;
				CLANG_ENABLE_OBJC_ARC = YES;
				CLANG_WARN_BOOL_CONVERSION = YES;
				CLANG_WARN_CONSTANT_CONVERSION = YES;
				CLANG_WARN_DIRECT_OBJC_ISA_USAGE = YES_ERROR;
				CLANG_WARN_EMPTY_BODY = YES;
				CLANG_WARN_ENUM_CONVERSION = YES;
				CLANG_WARN_INT_CONVERSION = YES;
				CLANG_WARN_OBJC_ROOT_CLASS = YES_ERROR;
				CLANG_WARN__DUPLICATE_METHOD_MATCH = YES;
				"CODE_SIGN_IDENTITY[sdk=iphoneos*]" = "iPhone Developer";
				COPY_PHASE_STRIP = NO;
				GCC_C_LANGUAGE_STANDARD = gnu99;
				GCC_DYNAMIC_NO_PIC = NO;
				GCC_OPTIMIZATION_LEVEL = 0;
				GCC_PREPROCESSOR_DEFINITIONS = (
					"DEBUG=1",
					"$(inherited)",
				);
				GCC_SYMBOLS_PRIVATE_EXTERN = NO;
				GCC_WARN_64_TO_32_BIT_CONVERSION = YES;
				GCC_WARN_ABOUT_RETURN_TYPE = YES_ERROR;
				GCC_WARN_UNDECLARED_SELECTOR = YES;
				GCC_WARN_UNINITIALIZED_AUTOS = YES;
				GCC_WARN_UNUSED_FUNCTION = YES;
				GCC_WARN_UNUSED_VARIABLE = YES;
				IPHONEOS_DEPLOYMENT_TARGET = 7.0;
				ONLY_ACTIVE_ARCH = YES;
				SDKROOT = iphoneos;
			};
			name = Debug;
		};
		865E4C8D181FD88300488B21 /* Release */ = {
			isa = XCBuildConfiguration;
			buildSettings = {
				ALWAYS_SEARCH_USER_PATHS = NO;
				ARCHS = "$(ARCHS_STANDARD_INCLUDING_64_BIT)";
				CLANG_CXX_LANGUAGE_STANDARD = "gnu++0x";
				CLANG_CXX_LIBRARY = "libc++";
				CLANG_ENABLE_MODULES = YES;
				CLANG_ENABLE_OBJC_ARC = YES;
				CLANG_WARN_BOOL_CONVERSION = YES;
				CLANG_WARN_CONSTANT_CONVERSION = YES;
				CLANG_WARN_DIRECT_OBJC_ISA_USAGE = YES_ERROR;
				CLANG_WARN_EMPTY_BODY = YES;
				CLANG_WARN_ENUM_CONVERSION = YES;
				CLANG_WARN_INT_CONVERSION = YES;
				CLANG_WARN_OBJC_ROOT_CLASS = YES_ERROR;
				CLANG_WARN__DUPLICATE_METHOD_MATCH = YES;
				"CODE_SIGN_IDENTITY[sdk=iphoneos*]" = "iPhone Developer";
				COPY_PHASE_STRIP = YES;
				ENABLE_NS_ASSERTIONS = NO;
				GCC_C_LANGUAGE_STANDARD = gnu99;
				GCC_WARN_64_TO_32_BIT_CONVERSION = YES;
				GCC_WARN_ABOUT_RETURN_TYPE = YES_ERROR;
				GCC_WARN_UNDECLARED_SELECTOR = YES;
				GCC_WARN_UNINITIALIZED_AUTOS = YES;
				GCC_WARN_UNUSED_FUNCTION = YES;
				GCC_WARN_UNUSED_VARIABLE = YES;
				IPHONEOS_DEPLOYMENT_TARGET = 7.0;
				SDKROOT = iphoneos;
				VALIDATE_PRODUCT = YES;
			};
			name = Release;
		};
		865E4C8F181FD88300488B21 /* Debug */ = {
			isa = XCBuildConfiguration;
			buildSettings = {
				ASSETCATALOG_COMPILER_APPICON_NAME = AppIcon;
				ASSETCATALOG_COMPILER_LAUNCHIMAGE_NAME = LaunchImage;
				GCC_PRECOMPILE_PREFIX_HEADER = YES;
				GCC_PREFIX_HEADER = "X-Ray/X-Ray-Prefix.pch";
				INFOPLIST_FILE = "X-Ray/X-Ray-Info.plist";
				PRODUCT_NAME = "$(TARGET_NAME)";
				WRAPPER_EXTENSION = app;
			};
			name = Debug;
		};
		865E4C90181FD88300488B21 /* Release */ = {
			isa = XCBuildConfiguration;
			buildSettings = {
				ASSETCATALOG_COMPILER_APPICON_NAME = AppIcon;
				ASSETCATALOG_COMPILER_LAUNCHIMAGE_NAME = LaunchImage;
				GCC_PRECOMPILE_PREFIX_HEADER = YES;
				GCC_PREFIX_HEADER = "X-Ray/X-Ray-Prefix.pch";
				INFOPLIST_FILE = "X-Ray/X-Ray-Info.plist";
				PRODUCT_NAME = "$(TARGET_NAME)";
				WRAPPER_EXTENSION = app;
			};
			name = Release;
		};
		865E4C92181FD88300488B21 /* Debug */ = {
			isa = XCBuildConfiguration;
			buildSettings = {
				ARCHS = "$(ARCHS_STANDARD_INCLUDING_64_BIT)";
				BUNDLE_LOADER = "$(BUILT_PRODUCTS_DIR)/X-Ray.app/X-Ray";
				FRAMEWORK_SEARCH_PATHS = (
					"$(SDKROOT)/Developer/Library/Frameworks",
					"$(inherited)",
					"$(DEVELOPER_FRAMEWORKS_DIR)",
				);
				GCC_PRECOMPILE_PREFIX_HEADER = YES;
				GCC_PREFIX_HEADER = "X-Ray/X-Ray-Prefix.pch";
				GCC_PREPROCESSOR_DEFINITIONS = (
					"DEBUG=1",
					"$(inherited)",
				);
				INFOPLIST_FILE = "X-RayTests/X-RayTests-Info.plist";
				PRODUCT_NAME = "$(TARGET_NAME)";
				TEST_HOST = "$(BUNDLE_LOADER)";
				WRAPPER_EXTENSION = xctest;
			};
			name = Debug;
		};
		865E4C93181FD88300488B21 /* Release */ = {
			isa = XCBuildConfiguration;
			buildSettings = {
				ARCHS = "$(ARCHS_STANDARD_INCLUDING_64_BIT)";
				BUNDLE_LOADER = "$(BUILT_PRODUCTS_DIR)/X-Ray.app/X-Ray";
				FRAMEWORK_SEARCH_PATHS = (
					"$(SDKROOT)/Developer/Library/Frameworks",
					"$(inherited)",
					"$(DEVELOPER_FRAMEWORKS_DIR)",
				);
				GCC_PRECOMPILE_PREFIX_HEADER = YES;
				GCC_PREFIX_HEADER = "X-Ray/X-Ray-Prefix.pch";
				INFOPLIST_FILE = "X-RayTests/X-RayTests-Info.plist";
				PRODUCT_NAME = "$(TARGET_NAME)";
				TEST_HOST = "$(BUNDLE_LOADER)";
				WRAPPER_EXTENSION = xctest;
			};
			name = Release;
		};
/* End XCBuildConfiguration section */

/* Begin XCConfigurationList section */
		865E4C57181FD88300488B21 /* Build configuration list for PBXProject "X-Ray" */ = {
			isa = XCConfigurationList;
			buildConfigurations = (
				865E4C8C181FD88300488B21 /* Debug */,
				865E4C8D181FD88300488B21 /* Release */,
			);
			defaultConfigurationIsVisible = 0;
			defaultConfigurationName = Release;
		};
		865E4C8E181FD88300488B21 /* Build configuration list for PBXNativeTarget "X-Ray" */ = {
			isa = XCConfigurationList;
			buildConfigurations = (
				865E4C8F181FD88300488B21 /* Debug */,
				865E4C90181FD88300488B21 /* Release */,
			);
			defaultConfigurationIsVisible = 0;
		};
		865E4C91181FD88300488B21 /* Build configuration list for PBXNativeTarget "X-RayTests" */ = {
			isa = XCConfigurationList;
			buildConfigurations = (
				865E4C92181FD88300488B21 /* Debug */,
				865E4C93181FD88300488B21 /* Release */,
			);
			defaultConfigurationIsVisible = 0;
		};
/* End XCConfigurationList section */
	};
	rootObject = 865E4C54181FD88300488B21 /* Project object */;
}
